
Microsoft Visual Studio Solution File, Format Version 12.00
# Visual Studio Version 16
VisualStudioVersion = 16.0.30804.86
MinimumVisualStudioVersion = 10.0.40219.1
Project("{FAE04EC0-301F-11D3-BF4B-00C04F79EFBC}") = "BitCoinRepositoryApi", "BitCoinRepositoryApi.csproj", "{90F10DE2-A8F6-42C9-B285-620AE7E99962}"
EndProject
Global
	GlobalSection(SolutionConfigurationPlatforms) = preSolution
		Debug|Any CPU = Debug|Any CPU
		Release|Any CPU = Release|Any CPU
	EndGlobalSection
	GlobalSection(ProjectConfigurationPlatforms) = postSolution
		{90F10DE2-A8F6-42C9-B285-620AE7E99962}.Debug|Any CPU.ActiveCfg = Debug|Any CPU
		{90F10DE2-A8F6-42C9-B285-620AE7E99962}.Debug|Any CPU.Build.0 = Debug|Any CPU
		{90F10DE2-A8F6-42C9-B285-620AE7E99962}.Release|Any CPU.ActiveCfg = Release|Any CPU
		{90F10DE2-A8F6-42C9-B285-620AE7E99962}.Release|Any CPU.Build.0 = Release|Any CPU
	EndGlobalSection
	GlobalSection(SolutionProperties) = preSolution
		HideSolutionNode = FALSE
	EndGlobalSection
	GlobalSection(ExtensibilityGlobals) = postSolution
		SolutionGuid = {CFD021E6-9AA6-4AA5-B6A4-44792C5DC67D}
	EndGlobalSection
EndGlobal
